
Microsoft Visual Studio Solution File, Format Version 12.00
# Visual Studio 15
Project("{FAE04EC0-301F-11D3-BF4B-00C04F79EFBC}") = "Happy-index-VisualStudio", "Happy-index-VisualStudio\Happy-index-VisualStudio.csproj", "{04879A49-3A30-48F8-9702-3E35BB7B0CF2}"
EndProject
Project("{FAE04EC0-301F-11D3-BF4B-00C04F79EFBC}") = "Happy-index-VisualStudio-tests", "Happy-index-VisualStudio-tests\Happy-index-VisualStudio-tests.csproj", "{DFB8BCA8-9265-4CF5-BB8D-6C2045F3A0A4}"
EndProject
Global
	GlobalSection(SolutionConfigurationPlatforms) = preSolution
		Debug|Any CPU = Debug|Any CPU
		Release|Any CPU = Release|Any CPU
	EndGlobalSection
	GlobalSection(ProjectConfigurationPlatforms) = postSolution
		{04879A49-3A30-48F8-9702-3E35BB7B0CF2}.Debug|Any CPU.ActiveCfg = Debug|Any CPU
		{04879A49-3A30-48F8-9702-3E35BB7B0CF2}.Debug|Any CPU.Build.0 = Debug|Any CPU
		{04879A49-3A30-48F8-9702-3E35BB7B0CF2}.Release|Any CPU.ActiveCfg = Release|Any CPU
		{04879A49-3A30-48F8-9702-3E35BB7B0CF2}.Release|Any CPU.Build.0 = Release|Any CPU
		{DFB8BCA8-9265-4CF5-BB8D-6C2045F3A0A4}.Debug|Any CPU.ActiveCfg = Debug|Any CPU
		{DFB8BCA8-9265-4CF5-BB8D-6C2045F3A0A4}.Debug|Any CPU.Build.0 = Debug|Any CPU
		{DFB8BCA8-9265-4CF5-BB8D-6C2045F3A0A4}.Release|Any CPU.ActiveCfg = Release|Any CPU
		{DFB8BCA8-9265-4CF5-BB8D-6C2045F3A0A4}.Release|Any CPU.Build.0 = Release|Any CPU
	EndGlobalSection
EndGlobal
